
Microsoft Visual Studio Solution File, Format Version 12.00
# Visual Studio Version 16
VisualStudioVersion = 16.0.28803.156
MinimumVisualStudioVersion = 10.0.40219.1
Project("{FAE04EC0-301F-11D3-BF4B-00C04F79EFBC}") = "TQDC16_Summary Rev 1", "TQDC16_Summary Rev 1\TQDC16_Summary Rev 1.csproj", "{BAA943D9-BEB8-4509-B603-559601EAE699}"
EndProject
Global
	GlobalSection(SolutionConfigurationPlatforms) = preSolution
		Debug|Any CPU = Debug|Any CPU
		Release|Any CPU = Release|Any CPU
	EndGlobalSection
	GlobalSection(ProjectConfigurationPlatforms) = postSolution
		{BAA943D9-BEB8-4509-B603-559601EAE699}.Debug|Any CPU.ActiveCfg = Debug|Any CPU
		{BAA943D9-BEB8-4509-B603-559601EAE699}.Debug|Any CPU.Build.0 = Debug|Any CPU
		{BAA943D9-BEB8-4509-B603-559601EAE699}.Release|Any CPU.ActiveCfg = Release|Any CPU
		{BAA943D9-BEB8-4509-B603-559601EAE699}.Release|Any CPU.Build.0 = Release|Any CPU
	EndGlobalSection
	GlobalSection(SolutionProperties) = preSolution
		HideSolutionNode = FALSE
	EndGlobalSection
	GlobalSection(ExtensibilityGlobals) = postSolution
		SolutionGuid = {4343B05B-1363-4875-912E-727BFFD02EE4}
	EndGlobalSection
EndGlobal
